// !$*UTF8*$!
{
	archiveVersion = 1;
	classes = {
	};
	objectVersion = 50;
	objects = {

/* Begin PBXFileReference section */
		9F67F8B62461DF4E00C3996C /* LabWork9.pdf */ = {isa = PBXFileReference; lastKnownFileType = image.pdf; path = LabWork9.pdf; sourceTree = "<group>"; };
/* End PBXFileReference section */

/* Begin PBXGroup section */
		9F67F89D2461DD0F00C3996C = {
			isa = PBXGroup;
			children = (
				9F67F8B62461DF4E00C3996C /* LabWork9.pdf */,
			);
			sourceTree = "<group>";
		};
/* End PBXGroup section */

/* Begin PBXProject section */
		9F67F89E2461DD0F00C3996C /* Project object */ = {
			isa = PBXProject;
			attributes = {
				LastUpgradeCheck = 1130;
			};
			buildConfigurationList = 9F67F8A12461DD0F00C3996C /* Build configuration list for PBXProject "SPO" */;
			compatibilityVersion = "Xcode 9.3";
			developmentRegion = en;
			hasScannedForEncodings = 0;
			knownRegions = (
				en,
				Base,
			);
			mainGroup = 9F67F89D2461DD0F00C3996C;
			projectDirPath = "";
			projectRoot = "";
			targets = (
			);
		};
/* End PBXProject section */

/* Begin XCBuildConfiguration section */
		9F67F8A22461DD0F00C3996C /* Debug */ = {
			isa = XCBuildConfiguration;
			buildSettings = {
			};
			name = Debug;
		};
		9F67F8A32461DD0F00C3996C /* Release */ = {
			isa = XCBuildConfiguration;
			buildSettings = {
			};
			name = Release;
		};
/* End XCBuildConfiguration section */

/* Begin XCConfigurationList section */
		9F67F8A12461DD0F00C3996C /* Build configuration list for PBXProject "SPO" */ = {
			isa = XCConfigurationList;
			buildConfigurations = (
				9F67F8A22461DD0F00C3996C /* Debug */,
				9F67F8A32461DD0F00C3996C /* Release */,
			);
			defaultConfigurationIsVisible = 0;
			defaultConfigurationName = Release;
		};
/* End XCConfigurationList section */
	};
	rootObject = 9F67F89E2461DD0F00C3996C /* Project object */;
}
